
Microsoft Visual Studio Solution File, Format Version 12.00
# Visual Studio 15
VisualStudioVersion = 15.0.28307.136
MinimumVisualStudioVersion = 10.0.40219.1
Project("{2150E333-8FDC-42A3-9474-1A3956D46DE8}") = "Echos", "Echos", "{A6A60226-C583-4BBF-9E19-8A61B210154B}"
EndProject
Project("{9A19103F-16F7-4668-BE54-9A1E7A4F7556}") = "ConsoleEcho", "Echos\ConsoleEcho\ConsoleEcho.csproj", "{90C9A6B2-C519-4F04-8F15-50F7B077CCB3}"
EndProject
Project("{FAE04EC0-301F-11D3-BF4B-00C04F79EFBC}") = "EchoWithCounter", "Echos\EchoWithCounter\EchoWithCounter.csproj", "{38889BFB-54C5-4AFA-AEDE-087D6DE7914A}"
EndProject
Project("{FAE04EC0-301F-11D3-BF4B-00C04F79EFBC}") = "WelcomeUser", "Echos\WelcomeUser\WelcomeUser.csproj", "{6A939C9D-2170-4E4F-A462-4DC5A636ACA4}"
EndProject
Project("{2150E333-8FDC-42A3-9474-1A3956D46DE8}") = "Prompt", "Prompt", "{126D3182-8333-4E1F-87A0-1FCC75A6AEF5}"
EndProject
Project("{FAE04EC0-301F-11D3-BF4B-00C04F79EFBC}") = "SimplePrompt", "Prompt\SimplePrompt\SimplePrompt.csproj", "{DD67ADC8-6A54-4143-94C4-0B2208EE1056}"
EndProject
Global
	GlobalSection(SolutionConfigurationPlatforms) = preSolution
		Debug|Any CPU = Debug|Any CPU
		Release|Any CPU = Release|Any CPU
	EndGlobalSection
	GlobalSection(ProjectConfigurationPlatforms) = postSolution
		{90C9A6B2-C519-4F04-8F15-50F7B077CCB3}.Debug|Any CPU.ActiveCfg = Debug|Any CPU
		{90C9A6B2-C519-4F04-8F15-50F7B077CCB3}.Debug|Any CPU.Build.0 = Debug|Any CPU
		{90C9A6B2-C519-4F04-8F15-50F7B077CCB3}.Release|Any CPU.ActiveCfg = Release|Any CPU
		{90C9A6B2-C519-4F04-8F15-50F7B077CCB3}.Release|Any CPU.Build.0 = Release|Any CPU
		{38889BFB-54C5-4AFA-AEDE-087D6DE7914A}.Debug|Any CPU.ActiveCfg = Debug|Any CPU
		{38889BFB-54C5-4AFA-AEDE-087D6DE7914A}.Debug|Any CPU.Build.0 = Debug|Any CPU
		{38889BFB-54C5-4AFA-AEDE-087D6DE7914A}.Release|Any CPU.ActiveCfg = Release|Any CPU
		{38889BFB-54C5-4AFA-AEDE-087D6DE7914A}.Release|Any CPU.Build.0 = Release|Any CPU
		{6A939C9D-2170-4E4F-A462-4DC5A636ACA4}.Debug|Any CPU.ActiveCfg = Debug|Any CPU
		{6A939C9D-2170-4E4F-A462-4DC5A636ACA4}.Debug|Any CPU.Build.0 = Debug|Any CPU
		{6A939C9D-2170-4E4F-A462-4DC5A636ACA4}.Release|Any CPU.ActiveCfg = Release|Any CPU
		{6A939C9D-2170-4E4F-A462-4DC5A636ACA4}.Release|Any CPU.Build.0 = Release|Any CPU
		{DD67ADC8-6A54-4143-94C4-0B2208EE1056}.Debug|Any CPU.ActiveCfg = Debug|Any CPU
		{DD67ADC8-6A54-4143-94C4-0B2208EE1056}.Debug|Any CPU.Build.0 = Debug|Any CPU
		{DD67ADC8-6A54-4143-94C4-0B2208EE1056}.Release|Any CPU.ActiveCfg = Release|Any CPU
		{DD67ADC8-6A54-4143-94C4-0B2208EE1056}.Release|Any CPU.Build.0 = Release|Any CPU
	EndGlobalSection
	GlobalSection(SolutionProperties) = preSolution
		HideSolutionNode = FALSE
	EndGlobalSection
	GlobalSection(NestedProjects) = preSolution
		{90C9A6B2-C519-4F04-8F15-50F7B077CCB3} = {A6A60226-C583-4BBF-9E19-8A61B210154B}
		{38889BFB-54C5-4AFA-AEDE-087D6DE7914A} = {A6A60226-C583-4BBF-9E19-8A61B210154B}
		{6A939C9D-2170-4E4F-A462-4DC5A636ACA4} = {A6A60226-C583-4BBF-9E19-8A61B210154B}
		{DD67ADC8-6A54-4143-94C4-0B2208EE1056} = {126D3182-8333-4E1F-87A0-1FCC75A6AEF5}
	EndGlobalSection
	GlobalSection(ExtensibilityGlobals) = postSolution
		SolutionGuid = {074F4D59-FAD5-4215-AF4E-0DA9C08238E5}
	EndGlobalSection
EndGlobal
